
Microsoft Visual Studio Solution File, Format Version 12.00
# Visual Studio Version 16
VisualStudioVersion = 16.0.31515.178
MinimumVisualStudioVersion = 10.0.40219.1
Project("{9A19103F-16F7-4668-BE54-9A1E7A4F7556}") = "Brainboxes.IO", "Brainboxes.IO\Brainboxes.IO.csproj", "{81D0F6AD-AE7F-413E-A12F-1A6FD14A1C8F}"
EndProject
Project("{9A19103F-16F7-4668-BE54-9A1E7A4F7556}") = "Brainboxes.IO.Tests", "Brainboxes.IO.Tests\Brainboxes.IO.Tests.csproj", "{0734BE19-C61F-4023-A97F-12973552F046}"
EndProject
Project("{2150E333-8FDC-42A3-9474-1A3956D46DE8}") = "Solution Items", "Solution Items", "{DD656194-E003-451C-BBB4-EFB0AF3F9870}"
	ProjectSection(SolutionItems) = preProject
		CustomDictionary.xml = CustomDictionary.xml
	EndProjectSection
EndProject
Global
	GlobalSection(SolutionConfigurationPlatforms) = preSolution
		Debug|Any CPU = Debug|Any CPU
		Debug|ARM = Debug|ARM
		Debug|x64 = Debug|x64
		Debug|x86 = Debug|x86
		Release|Any CPU = Release|Any CPU
		Release|ARM = Release|ARM
		Release|x64 = Release|x64
		Release|x86 = Release|x86
	EndGlobalSection
	GlobalSection(ProjectConfigurationPlatforms) = postSolution
		{81D0F6AD-AE7F-413E-A12F-1A6FD14A1C8F}.Debug|Any CPU.ActiveCfg = Debug|Any CPU
		{81D0F6AD-AE7F-413E-A12F-1A6FD14A1C8F}.Debug|Any CPU.Build.0 = Debug|Any CPU
		{81D0F6AD-AE7F-413E-A12F-1A6FD14A1C8F}.Debug|ARM.ActiveCfg = Debug|Any CPU
		{81D0F6AD-AE7F-413E-A12F-1A6FD14A1C8F}.Debug|ARM.Build.0 = Debug|Any CPU
		{81D0F6AD-AE7F-413E-A12F-1A6FD14A1C8F}.Debug|x64.ActiveCfg = Debug|Any CPU
		{81D0F6AD-AE7F-413E-A12F-1A6FD14A1C8F}.Debug|x64.Build.0 = Debug|Any CPU
		{81D0F6AD-AE7F-413E-A12F-1A6FD14A1C8F}.Debug|x86.ActiveCfg = Debug|Any CPU
		{81D0F6AD-AE7F-413E-A12F-1A6FD14A1C8F}.Debug|x86.Build.0 = Debug|Any CPU
		{81D0F6AD-AE7F-413E-A12F-1A6FD14A1C8F}.Release|Any CPU.ActiveCfg = Release|Any CPU
		{81D0F6AD-AE7F-413E-A12F-1A6FD14A1C8F}.Release|Any CPU.Build.0 = Release|Any CPU
		{81D0F6AD-AE7F-413E-A12F-1A6FD14A1C8F}.Release|ARM.ActiveCfg = Release|Any CPU
		{81D0F6AD-AE7F-413E-A12F-1A6FD14A1C8F}.Release|ARM.Build.0 = Release|Any CPU
		{81D0F6AD-AE7F-413E-A12F-1A6FD14A1C8F}.Release|x64.ActiveCfg = Release|Any CPU
		{81D0F6AD-AE7F-413E-A12F-1A6FD14A1C8F}.Release|x64.Build.0 = Release|Any CPU
		{81D0F6AD-AE7F-413E-A12F-1A6FD14A1C8F}.Release|x86.ActiveCfg = Release|Any CPU
		{81D0F6AD-AE7F-413E-A12F-1A6FD14A1C8F}.Release|x86.Build.0 = Release|Any CPU
		{0734BE19-C61F-4023-A97F-12973552F046}.Debug|Any CPU.ActiveCfg = Debug|Any CPU
		{0734BE19-C61F-4023-A97F-12973552F046}.Debug|Any CPU.Build.0 = Debug|Any CPU
		{0734BE19-C61F-4023-A97F-12973552F046}.Debug|ARM.ActiveCfg = Debug|Any CPU
		{0734BE19-C61F-4023-A97F-12973552F046}.Debug|ARM.Build.0 = Debug|Any CPU
		{0734BE19-C61F-4023-A97F-12973552F046}.Debug|x64.ActiveCfg = Debug|Any CPU
		{0734BE19-C61F-4023-A97F-12973552F046}.Debug|x64.Build.0 = Debug|Any CPU
		{0734BE19-C61F-4023-A97F-12973552F046}.Debug|x86.ActiveCfg = Debug|Any CPU
		{0734BE19-C61F-4023-A97F-12973552F046}.Debug|x86.Build.0 = Debug|Any CPU
		{0734BE19-C61F-4023-A97F-12973552F046}.Release|Any CPU.ActiveCfg = Release|Any CPU
		{0734BE19-C61F-4023-A97F-12973552F046}.Release|Any CPU.Build.0 = Release|Any CPU
		{0734BE19-C61F-4023-A97F-12973552F046}.Release|ARM.ActiveCfg = Release|Any CPU
		{0734BE19-C61F-4023-A97F-12973552F046}.Release|ARM.Build.0 = Release|Any CPU
		{0734BE19-C61F-4023-A97F-12973552F046}.Release|x64.ActiveCfg = Release|Any CPU
		{0734BE19-C61F-4023-A97F-12973552F046}.Release|x64.Build.0 = Release|Any CPU
		{0734BE19-C61F-4023-A97F-12973552F046}.Release|x86.ActiveCfg = Release|Any CPU
		{0734BE19-C61F-4023-A97F-12973552F046}.Release|x86.Build.0 = Release|Any CPU
	EndGlobalSection
	GlobalSection(SolutionProperties) = preSolution
		HideSolutionNode = FALSE
	EndGlobalSection
	GlobalSection(ExtensibilityGlobals) = postSolution
		SolutionGuid = {75767EC2-26A0-40AC-8411-51A8A103F3EE}
	EndGlobalSection
	GlobalSection(Performance) = preSolution
		HasPerformanceSessions = true
	EndGlobalSection
EndGlobal
